# This file is autogenerated, do not edit; changes may be undone by the next 'dep ensure'.


[[projects]]
  branch = "master"
  name = "github.com/Nivl/go-hasher"
  packages = [
    ".",
    "implementations/bcrypt"
  ]
  revision = "d84ff056614c63ff1ae0069fd4fd84a60f79bc3b"

[[projects]]
  branch = "master"
  name = "github.com/Nivl/go-logger"
  packages = ["."]
  revision = "1d25d5fcf26a03d3f08d9dd6c7feae5b5ee110fe"

[[projects]]
  branch = "master"
  name = "github.com/Nivl/go-params"
  packages = [
    ".",
    "formfile",
    "formfile/testformfile",
    "perror"
  ]
  revision = "1823401ffec83c7fdecdbd36d9a9b6f580c8a725"

[[projects]]
  branch = "master"
  name = "github.com/Nivl/go-reporter"
  packages = ["."]
  revision = "b5225f7490d1174c640d49b3dffc1a32a84c4021"

[[projects]]
  branch = "master"
  name = "github.com/Nivl/go-sqldb"
  packages = [
    ".",
    "implementations/mocksqldb",
    "implementations/sqlxdb"
  ]
  revision = "e324757c78dfd63a795de2658a42d27d9d385d7d"

[[projects]]
  branch = "master"
  name = "github.com/Nivl/go-types"
  packages = [
    "datetime",
    "filetype",
    "ptrs",
    "slices",
    "strngs"
  ]
  revision = "faa67689c52a0a6ae2b86080f39a05f639a81743"

[[projects]]
  branch = "master"
  name = "github.com/Nivl/gomock-type-matcher"
  packages = ["."]
  revision = "93c5ae6cf98cf42220895e780f15d6c3017a4174"

[[projects]]
  name = "github.com/davecgh/go-spew"
  packages = ["spew"]
  revision = "346938d642f2ec3594ed81d874461961cd0faa76"
  version = "v1.1.0"

[[projects]]
  branch = "master"
  name = "github.com/dchest/uniuri"
  packages = ["."]
  revision = "8902c56451e9b58ff940bbe5fec35d5f9c04584a"

[[projects]]
  name = "github.com/golang/mock"
  packages = ["gomock"]
  revision = "c34cdb4725f4c3844d095133c6e40e448b86589b"
  version = "v1.1.1"

[[projects]]
  name = "github.com/gorilla/context"
  packages = ["."]
  revision = "08b5f424b9271eedf6f9f0ce86cb9396ed337a42"
  version = "v1.1.1"

[[projects]]
  name = "github.com/gorilla/mux"
  packages = ["."]
  revision = "e3702bed27f0d39777b0b37b664b6280e8ef8fbf"
  version = "v1.6.2"

[[projects]]
  branch = "master"
  name = "github.com/jmoiron/sqlx"
  packages = [
    ".",
    "reflectx"
  ]
  revision = "2aeb6a910c2b94f2d5eb53d9895d80e27264ec41"

[[projects]]
  branch = "master"
  name = "github.com/lib/pq"
  packages = [
    ".",
    "oid"
  ]
  revision = "d34b9ff171c21ad295489235aec8b6626023cd04"

[[projects]]
  name = "github.com/pkg/errors"
  packages = ["."]
  revision = "645ef00459ed84a119197bfb8d8205042c6df63d"
  version = "v0.8.0"

[[projects]]
  name = "github.com/pmezard/go-difflib"
  packages = ["difflib"]
  revision = "792786c7400a136282c1664665ae0a8db921c6c2"
  version = "v1.0.0"

[[projects]]
  name = "github.com/pressly/goose"
  packages = ["."]
  revision = "95600eb369b1f657efd54a401ab85d0647a1db80"
  version = "v2.3.0"

[[projects]]
  name = "github.com/satori/go.uuid"
  packages = ["."]
  revision = "f58768cc1a7a7e77a3bd49e98cdd21419399b6a3"
  version = "v1.2.0"

[[projects]]
  name = "github.com/stretchr/testify"
  packages = [
    "assert",
    "require"
  ]
  revision = "12b6f73e6084dad08a7c6e575284b177ecafbc71"
  version = "v1.2.1"

[[projects]]
  branch = "master"
  name = "golang.org/x/crypto"
  packages = [
    "bcrypt",
    "blowfish"
  ]
  revision = "1a580b3eff7814fc9b40602fd35256c63b50f491"

[[projects]]
  branch = "master"
  name = "golang.org/x/net"
  packages = ["context"]
  revision = "57065200b4b034a1c8ad54ff77069408c2218ae6"

[[projects]]
  name = "google.golang.org/grpc"
  packages = ["codes"]
  revision = "41344da2231b913fa3d983840a57a6b1b7b631a1"
  version = "v1.12.0"

[solve-meta]
  analyzer-name = "dep"
  analyzer-version = 1
  inputs-digest = "11d774f4ade2442b28a8e884890639fa914cecb9a76dd6592cf363257a592bb4"
  solver-name = "gps-cdcl"
  solver-version = 1
